
Microsoft Visual Studio Solution File, Format Version 12.00
# Visual Studio Version 16
VisualStudioVersion = 16.0.31019.35
MinimumVisualStudioVersion = 10.0.40219.1
Project("{8BC9CEB8-8B4A-11D0-8D11-00A0C91BC942}") = "vezba1", "vezba1\vezba1.vcxproj", "{6809B106-94B5-4480-A638-70466B0BE256}"
EndProject
Project("{8BC9CEB8-8B4A-11D0-8D11-00A0C91BC942}") = "vezba2", "vezba2\vezba2.vcxproj", "{A057C190-2433-4F57-86A5-45BAE472B14F}"
EndProject
Project("{8BC9CEB8-8B4A-11D0-8D11-00A0C91BC942}") = "vezba3", "vezba3\vezba3.vcxproj", "{D9A1A61C-BC16-4CE8-9329-83D6491BC007}"
EndProject
Project("{8BC9CEB8-8B4A-11D0-8D11-00A0C91BC942}") = "vezba4", "vezba4\vezba4.vcxproj", "{D30E6CD2-0144-41B4-BC34-7936D50603C2}"
EndProject
Project("{8BC9CEB8-8B4A-11D0-8D11-00A0C91BC942}") = "vezba5", "vezba5\vezba5.vcxproj", "{E0534D87-74D0-4C37-9B06-77415A032709}"
EndProject
Project("{8BC9CEB8-8B4A-11D0-8D11-00A0C91BC942}") = "vezba6", "vezba6\vezba6.vcxproj", "{32087134-E876-4CE0-9809-72910B4DF11E}"
EndProject
Project("{8BC9CEB8-8B4A-11D0-8D11-00A0C91BC942}") = "vezba7", "vezba7\vezba7.vcxproj", "{7BFBA17B-1CC6-4F1A-834F-61DA7912AE73}"
EndProject
Project("{8BC9CEB8-8B4A-11D0-8D11-00A0C91BC942}") = "vezba8", "vezba8\vezba8.vcxproj", "{4B5CDA90-5884-4D6A-A796-E137045D674B}"
EndProject
Global
	GlobalSection(SolutionConfigurationPlatforms) = preSolution
		Debug|x64 = Debug|x64
		Debug|x86 = Debug|x86
		Release|x64 = Release|x64
		Release|x86 = Release|x86
	EndGlobalSection
	GlobalSection(ProjectConfigurationPlatforms) = postSolution
		{6809B106-94B5-4480-A638-70466B0BE256}.Debug|x64.ActiveCfg = Debug|x64
		{6809B106-94B5-4480-A638-70466B0BE256}.Debug|x64.Build.0 = Debug|x64
		{6809B106-94B5-4480-A638-70466B0BE256}.Debug|x86.ActiveCfg = Debug|Win32
		{6809B106-94B5-4480-A638-70466B0BE256}.Debug|x86.Build.0 = Debug|Win32
		{6809B106-94B5-4480-A638-70466B0BE256}.Release|x64.ActiveCfg = Release|x64
		{6809B106-94B5-4480-A638-70466B0BE256}.Release|x64.Build.0 = Release|x64
		{6809B106-94B5-4480-A638-70466B0BE256}.Release|x86.ActiveCfg = Release|Win32
		{6809B106-94B5-4480-A638-70466B0BE256}.Release|x86.Build.0 = Release|Win32
		{A057C190-2433-4F57-86A5-45BAE472B14F}.Debug|x64.ActiveCfg = Debug|x64
		{A057C190-2433-4F57-86A5-45BAE472B14F}.Debug|x64.Build.0 = Debug|x64
		{A057C190-2433-4F57-86A5-45BAE472B14F}.Debug|x86.ActiveCfg = Debug|Win32
		{A057C190-2433-4F57-86A5-45BAE472B14F}.Debug|x86.Build.0 = Debug|Win32
		{A057C190-2433-4F57-86A5-45BAE472B14F}.Release|x64.ActiveCfg = Release|x64
		{A057C190-2433-4F57-86A5-45BAE472B14F}.Release|x64.Build.0 = Release|x64
		{A057C190-2433-4F57-86A5-45BAE472B14F}.Release|x86.ActiveCfg = Release|Win32
		{A057C190-2433-4F57-86A5-45BAE472B14F}.Release|x86.Build.0 = Release|Win32
		{D9A1A61C-BC16-4CE8-9329-83D6491BC007}.Debug|x64.ActiveCfg = Debug|x64
		{D9A1A61C-BC16-4CE8-9329-83D6491BC007}.Debug|x64.Build.0 = Debug|x64
		{D9A1A61C-BC16-4CE8-9329-83D6491BC007}.Debug|x86.ActiveCfg = Debug|Win32
		{D9A1A61C-BC16-4CE8-9329-83D6491BC007}.Debug|x86.Build.0 = Debug|Win32
		{D9A1A61C-BC16-4CE8-9329-83D6491BC007}.Release|x64.ActiveCfg = Release|x64
		{D9A1A61C-BC16-4CE8-9329-83D6491BC007}.Release|x64.Build.0 = Release|x64
		{D9A1A61C-BC16-4CE8-9329-83D6491BC007}.Release|x86.ActiveCfg = Release|Win32
		{D9A1A61C-BC16-4CE8-9329-83D6491BC007}.Release|x86.Build.0 = Release|Win32
		{D30E6CD2-0144-41B4-BC34-7936D50603C2}.Debug|x64.ActiveCfg = Debug|x64
		{D30E6CD2-0144-41B4-BC34-7936D50603C2}.Debug|x64.Build.0 = Debug|x64
		{D30E6CD2-0144-41B4-BC34-7936D50603C2}.Debug|x86.ActiveCfg = Debug|Win32
		{D30E6CD2-0144-41B4-BC34-7936D50603C2}.Debug|x86.Build.0 = Debug|Win32
		{D30E6CD2-0144-41B4-BC34-7936D50603C2}.Release|x64.ActiveCfg = Release|x64
		{D30E6CD2-0144-41B4-BC34-7936D50603C2}.Release|x64.Build.0 = Release|x64
		{D30E6CD2-0144-41B4-BC34-7936D50603C2}.Release|x86.ActiveCfg = Release|Win32
		{D30E6CD2-0144-41B4-BC34-7936D50603C2}.Release|x86.Build.0 = Release|Win32
		{E0534D87-74D0-4C37-9B06-77415A032709}.Debug|x64.ActiveCfg = Debug|x64
		{E0534D87-74D0-4C37-9B06-77415A032709}.Debug|x64.Build.0 = Debug|x64
		{E0534D87-74D0-4C37-9B06-77415A032709}.Debug|x86.ActiveCfg = Debug|Win32
		{E0534D87-74D0-4C37-9B06-77415A032709}.Debug|x86.Build.0 = Debug|Win32
		{E0534D87-74D0-4C37-9B06-77415A032709}.Release|x64.ActiveCfg = Release|x64
		{E0534D87-74D0-4C37-9B06-77415A032709}.Release|x64.Build.0 = Release|x64
		{E0534D87-74D0-4C37-9B06-77415A032709}.Release|x86.ActiveCfg = Release|Win32
		{E0534D87-74D0-4C37-9B06-77415A032709}.Release|x86.Build.0 = Release|Win32
		{32087134-E876-4CE0-9809-72910B4DF11E}.Debug|x64.ActiveCfg = Debug|x64
		{32087134-E876-4CE0-9809-72910B4DF11E}.Debug|x64.Build.0 = Debug|x64
		{32087134-E876-4CE0-9809-72910B4DF11E}.Debug|x86.ActiveCfg = Debug|Win32
		{32087134-E876-4CE0-9809-72910B4DF11E}.Debug|x86.Build.0 = Debug|Win32
		{32087134-E876-4CE0-9809-72910B4DF11E}.Release|x64.ActiveCfg = Release|x64
		{32087134-E876-4CE0-9809-72910B4DF11E}.Release|x64.Build.0 = Release|x64
		{32087134-E876-4CE0-9809-72910B4DF11E}.Release|x86.ActiveCfg = Release|Win32
		{32087134-E876-4CE0-9809-72910B4DF11E}.Release|x86.Build.0 = Release|Win32
		{7BFBA17B-1CC6-4F1A-834F-61DA7912AE73}.Debug|x64.ActiveCfg = Debug|x64
		{7BFBA17B-1CC6-4F1A-834F-61DA7912AE73}.Debug|x64.Build.0 = Debug|x64
		{7BFBA17B-1CC6-4F1A-834F-61DA7912AE73}.Debug|x86.ActiveCfg = Debug|Win32
		{7BFBA17B-1CC6-4F1A-834F-61DA7912AE73}.Debug|x86.Build.0 = Debug|Win32
		{7BFBA17B-1CC6-4F1A-834F-61DA7912AE73}.Release|x64.ActiveCfg = Release|x64
		{7BFBA17B-1CC6-4F1A-834F-61DA7912AE73}.Release|x64.Build.0 = Release|x64
		{7BFBA17B-1CC6-4F1A-834F-61DA7912AE73}.Release|x86.ActiveCfg = Release|Win32
		{7BFBA17B-1CC6-4F1A-834F-61DA7912AE73}.Release|x86.Build.0 = Release|Win32
		{4B5CDA90-5884-4D6A-A796-E137045D674B}.Debug|x64.ActiveCfg = Debug|x64
		{4B5CDA90-5884-4D6A-A796-E137045D674B}.Debug|x64.Build.0 = Debug|x64
		{4B5CDA90-5884-4D6A-A796-E137045D674B}.Debug|x86.ActiveCfg = Debug|Win32
		{4B5CDA90-5884-4D6A-A796-E137045D674B}.Debug|x86.Build.0 = Debug|Win32
		{4B5CDA90-5884-4D6A-A796-E137045D674B}.Release|x64.ActiveCfg = Release|x64
		{4B5CDA90-5884-4D6A-A796-E137045D674B}.Release|x64.Build.0 = Release|x64
		{4B5CDA90-5884-4D6A-A796-E137045D674B}.Release|x86.ActiveCfg = Release|Win32
		{4B5CDA90-5884-4D6A-A796-E137045D674B}.Release|x86.Build.0 = Release|Win32
	EndGlobalSection
	GlobalSection(SolutionProperties) = preSolution
		HideSolutionNode = FALSE
	EndGlobalSection
	GlobalSection(ExtensibilityGlobals) = postSolution
		SolutionGuid = {F4352217-1E59-4372-B667-21526D23F1AB}
	EndGlobalSection
EndGlobal
