
Microsoft Visual Studio Solution File, Format Version 12.00
# Visual Studio Version 16
VisualStudioVersion = 16.0.31019.35
MinimumVisualStudioVersion = 10.0.40219.1
Project("{8BC9CEB8-8B4A-11D0-8D11-00A0C91BC942}") = "vezba1", "vezba1\vezba1.vcxproj", "{6809B106-94B5-4480-A638-70466B0BE256}"
EndProject
Project("{8BC9CEB8-8B4A-11D0-8D11-00A0C91BC942}") = "vezba2", "vezba2\vezba2.vcxproj", "{A057C190-2433-4F57-86A5-45BAE472B14F}"
EndProject
Global
	GlobalSection(SolutionConfigurationPlatforms) = preSolution
		Debug|x64 = Debug|x64
		Debug|x86 = Debug|x86
		Release|x64 = Release|x64
		Release|x86 = Release|x86
	EndGlobalSection
	GlobalSection(ProjectConfigurationPlatforms) = postSolution
		{6809B106-94B5-4480-A638-70466B0BE256}.Debug|x64.ActiveCfg = Debug|x64
		{6809B106-94B5-4480-A638-70466B0BE256}.Debug|x64.Build.0 = Debug|x64
		{6809B106-94B5-4480-A638-70466B0BE256}.Debug|x86.ActiveCfg = Debug|Win32
		{6809B106-94B5-4480-A638-70466B0BE256}.Debug|x86.Build.0 = Debug|Win32
		{6809B106-94B5-4480-A638-70466B0BE256}.Release|x64.ActiveCfg = Release|x64
		{6809B106-94B5-4480-A638-70466B0BE256}.Release|x64.Build.0 = Release|x64
		{6809B106-94B5-4480-A638-70466B0BE256}.Release|x86.ActiveCfg = Release|Win32
		{6809B106-94B5-4480-A638-70466B0BE256}.Release|x86.Build.0 = Release|Win32
		{A057C190-2433-4F57-86A5-45BAE472B14F}.Debug|x64.ActiveCfg = Debug|x64
		{A057C190-2433-4F57-86A5-45BAE472B14F}.Debug|x64.Build.0 = Debug|x64
		{A057C190-2433-4F57-86A5-45BAE472B14F}.Debug|x86.ActiveCfg = Debug|Win32
		{A057C190-2433-4F57-86A5-45BAE472B14F}.Debug|x86.Build.0 = Debug|Win32
		{A057C190-2433-4F57-86A5-45BAE472B14F}.Release|x64.ActiveCfg = Release|x64
		{A057C190-2433-4F57-86A5-45BAE472B14F}.Release|x64.Build.0 = Release|x64
		{A057C190-2433-4F57-86A5-45BAE472B14F}.Release|x86.ActiveCfg = Release|Win32
		{A057C190-2433-4F57-86A5-45BAE472B14F}.Release|x86.Build.0 = Release|Win32
	EndGlobalSection
	GlobalSection(SolutionProperties) = preSolution
		HideSolutionNode = FALSE
	EndGlobalSection
	GlobalSection(ExtensibilityGlobals) = postSolution
		SolutionGuid = {F4352217-1E59-4372-B667-21526D23F1AB}
	EndGlobalSection
EndGlobal
